
Microsoft Visual Studio Solution File, Format Version 12.00
# Visual Studio Version 17
VisualStudioVersion = 17.0.32126.317
MinimumVisualStudioVersion = 10.0.40219.1
Project("{FAE04EC0-301F-11D3-BF4B-00C04F79EFBC}") = "test", "test\test.csproj", "{8578FBC7-FBA3-4112-BCE7-EF6F4F33CCFB}"
EndProject
Global
	GlobalSection(SolutionConfigurationPlatforms) = preSolution
		Debug|Any CPU = Debug|Any CPU
		Release|Any CPU = Release|Any CPU
	EndGlobalSection
	GlobalSection(ProjectConfigurationPlatforms) = postSolution
		{8578FBC7-FBA3-4112-BCE7-EF6F4F33CCFB}.Debug|Any CPU.ActiveCfg = Debug|Any CPU
		{8578FBC7-FBA3-4112-BCE7-EF6F4F33CCFB}.Debug|Any CPU.Build.0 = Debug|Any CPU
		{8578FBC7-FBA3-4112-BCE7-EF6F4F33CCFB}.Release|Any CPU.ActiveCfg = Release|Any CPU
		{8578FBC7-FBA3-4112-BCE7-EF6F4F33CCFB}.Release|Any CPU.Build.0 = Release|Any CPU
	EndGlobalSection
	GlobalSection(SolutionProperties) = preSolution
		HideSolutionNode = FALSE
	EndGlobalSection
	GlobalSection(ExtensibilityGlobals) = postSolution
		SolutionGuid = {F7F6F852-5941-4C03-93D9-402B61ACCDD6}
	EndGlobalSection
EndGlobal
